
Microsoft Visual Studio Solution File, Format Version 12.00
# Visual Studio Version 16
VisualStudioVersion = 16.0.29306.81
MinimumVisualStudioVersion = 10.0.40219.1
Project("{6EC3EE1D-3C4E-46DD-8F32-0CC8E7565705}") = "DoKey.TestsFS", "DoKey.Tests\DoKey.TestsFS.fsproj", "{E4FB0816-D6DB-49A0-AE29-0F51A5C2F44D}"
EndProject
Project("{FAE04EC0-301F-11D3-BF4B-00C04F79EFBC}") = "DoKey.App", "DoKey.App\DoKey.App.csproj", "{446F9095-F793-4AD6-A1F5-8E9167420DB1}"
EndProject
Project("{6EC3EE1D-3C4E-46DD-8F32-0CC8E7565705}") = "DoKey.CoreFS", "DoKey.Core\DoKey.CoreFS.fsproj", "{BC8303C8-EA25-48D2-A746-449BA05D1376}"
EndProject
Project("{9A19103F-16F7-4668-BE54-9A1E7A4F7556}") = "DoKey.CoreCS", "DoKey.CoreCS\DoKey.CoreCS.csproj", "{834F877C-9183-4007-85CA-A2CDA9029C8A}"
EndProject
Project("{FAE04EC0-301F-11D3-BF4B-00C04F79EFBC}") = "DoKey.TestsCS", "DoKey.TestsCS\DoKey.TestsCS.csproj", "{AF61B2D8-C430-4D59-B200-717D94A59392}"
EndProject
Global
	GlobalSection(SolutionConfigurationPlatforms) = preSolution
		Debug|Any CPU = Debug|Any CPU
		Release|Any CPU = Release|Any CPU
	EndGlobalSection
	GlobalSection(ProjectConfigurationPlatforms) = postSolution
		{E4FB0816-D6DB-49A0-AE29-0F51A5C2F44D}.Debug|Any CPU.ActiveCfg = Debug|Any CPU
		{E4FB0816-D6DB-49A0-AE29-0F51A5C2F44D}.Debug|Any CPU.Build.0 = Debug|Any CPU
		{E4FB0816-D6DB-49A0-AE29-0F51A5C2F44D}.Release|Any CPU.ActiveCfg = Release|Any CPU
		{E4FB0816-D6DB-49A0-AE29-0F51A5C2F44D}.Release|Any CPU.Build.0 = Release|Any CPU
		{446F9095-F793-4AD6-A1F5-8E9167420DB1}.Debug|Any CPU.ActiveCfg = Debug|Any CPU
		{446F9095-F793-4AD6-A1F5-8E9167420DB1}.Debug|Any CPU.Build.0 = Debug|Any CPU
		{446F9095-F793-4AD6-A1F5-8E9167420DB1}.Release|Any CPU.ActiveCfg = Release|Any CPU
		{446F9095-F793-4AD6-A1F5-8E9167420DB1}.Release|Any CPU.Build.0 = Release|Any CPU
		{BC8303C8-EA25-48D2-A746-449BA05D1376}.Debug|Any CPU.ActiveCfg = Debug|Any CPU
		{BC8303C8-EA25-48D2-A746-449BA05D1376}.Debug|Any CPU.Build.0 = Debug|Any CPU
		{BC8303C8-EA25-48D2-A746-449BA05D1376}.Release|Any CPU.ActiveCfg = Release|Any CPU
		{BC8303C8-EA25-48D2-A746-449BA05D1376}.Release|Any CPU.Build.0 = Release|Any CPU
		{834F877C-9183-4007-85CA-A2CDA9029C8A}.Debug|Any CPU.ActiveCfg = Debug|Any CPU
		{834F877C-9183-4007-85CA-A2CDA9029C8A}.Debug|Any CPU.Build.0 = Debug|Any CPU
		{834F877C-9183-4007-85CA-A2CDA9029C8A}.Release|Any CPU.ActiveCfg = Release|Any CPU
		{834F877C-9183-4007-85CA-A2CDA9029C8A}.Release|Any CPU.Build.0 = Release|Any CPU
		{AF61B2D8-C430-4D59-B200-717D94A59392}.Debug|Any CPU.ActiveCfg = Debug|Any CPU
		{AF61B2D8-C430-4D59-B200-717D94A59392}.Debug|Any CPU.Build.0 = Debug|Any CPU
		{AF61B2D8-C430-4D59-B200-717D94A59392}.Release|Any CPU.ActiveCfg = Release|Any CPU
		{AF61B2D8-C430-4D59-B200-717D94A59392}.Release|Any CPU.Build.0 = Release|Any CPU
	EndGlobalSection
	GlobalSection(SolutionProperties) = preSolution
		HideSolutionNode = FALSE
	EndGlobalSection
	GlobalSection(ExtensibilityGlobals) = postSolution
		SolutionGuid = {F30B3D7C-7B45-4E1C-81C7-CF381DF60420}
	EndGlobalSection
EndGlobal
